// !$*UTF8*$!
{
	archiveVersion = 1;
	classes = {
	};
	objectVersion = 50;
	objects = {

/* Begin PBXBuildFile section */
		644C10812672421B009A0289 /* LeaderboardTableViewCell.swift in Sources */ = {isa = PBXBuildFile; fileRef = 644C10802672421B009A0289 /* LeaderboardTableViewCell.swift */; };
		645E0F1A2670BCCE00FD6703 /* variableNumber.swift in Sources */ = {isa = PBXBuildFile; fileRef = 645E0F192670BCCE00FD6703 /* variableNumber.swift */; };
		64631F44266E5EC800C47360 /* TimerGameViewController.swift in Sources */ = {isa = PBXBuildFile; fileRef = 64631F43266E5EC800C47360 /* TimerGameViewController.swift */; };
		646B1281267B57ED00EDE9AB /* SecondCustomSegue.swift in Sources */ = {isa = PBXBuildFile; fileRef = 646B1280267B57ED00EDE9AB /* SecondCustomSegue.swift */; };
		646B1283267B7FE700EDE9AB /* PauseViewController.swift in Sources */ = {isa = PBXBuildFile; fileRef = 646B1282267B7FE700EDE9AB /* PauseViewController.swift */; };
		646E5B0F2676136A00202834 /* FirstCustomSegue.swift in Sources */ = {isa = PBXBuildFile; fileRef = 646E5B0E2676136A00202834 /* FirstCustomSegue.swift */; };
		646E5B11267613A000202834 /* FrontPageViewController.swift in Sources */ = {isa = PBXBuildFile; fileRef = 646E5B10267613A000202834 /* FrontPageViewController.swift */; };
		647B78E92671AD11001394FA /* LeaderboardTableViewController.swift in Sources */ = {isa = PBXBuildFile; fileRef = 647B78E82671AD11001394FA /* LeaderboardTableViewController.swift */; };
		64CEFF0F2679A96A00AE7E3F /* TenTimesGameViewController.swift in Sources */ = {isa = PBXBuildFile; fileRef = 64CEFF0E2679A96A00AE7E3F /* TenTimesGameViewController.swift */; };
		64CEFF112679C79800AE7E3F /* TenTimesGameTableViewCell.swift in Sources */ = {isa = PBXBuildFile; fileRef = 64CEFF102679C79800AE7E3F /* TenTimesGameTableViewCell.swift */; };
		64FF64FD26070B3F00098C1B /* AppDelegate.swift in Sources */ = {isa = PBXBuildFile; fileRef = 64FF64FC26070B3F00098C1B /* AppDelegate.swift */; };
		64FF64FF26070B3F00098C1B /* SceneDelegate.swift in Sources */ = {isa = PBXBuildFile; fileRef = 64FF64FE26070B3F00098C1B /* SceneDelegate.swift */; };
		64FF650426070B3F00098C1B /* Main.storyboard in Resources */ = {isa = PBXBuildFile; fileRef = 64FF650226070B3F00098C1B /* Main.storyboard */; };
		64FF650626070B4100098C1B /* Assets.xcassets in Resources */ = {isa = PBXBuildFile; fileRef = 64FF650526070B4100098C1B /* Assets.xcassets */; };
		64FF650926070B4100098C1B /* LaunchScreen.storyboard in Resources */ = {isa = PBXBuildFile; fileRef = 64FF650726070B4100098C1B /* LaunchScreen.storyboard */; };
		B587D77F2C73501D00DA9F5B /* LeaderboardsResponse.swift in Sources */ = {isa = PBXBuildFile; fileRef = B587D77E2C73501D00DA9F5B /* LeaderboardsResponse.swift */; };
		B587D7812C73502E00DA9F5B /* PlayersResponse.swift in Sources */ = {isa = PBXBuildFile; fileRef = B587D7802C73502E00DA9F5B /* PlayersResponse.swift */; };
		B86BA57A4B611B1B80E6A2C1 /* Pods_little_game.framework in Frameworks */ = {isa = PBXBuildFile; fileRef = 4D2B3E7B06D043AAEC7BE27B /* Pods_little_game.framework */; };
		C73A99382C53743600FBDC8A /* LeaderboardStyle.swift in Sources */ = {isa = PBXBuildFile; fileRef = C73A99372C53743600FBDC8A /* LeaderboardStyle.swift */; };
		C73A993A2C53764900FBDC8A /* Leaderboard.storyboard in Resources */ = {isa = PBXBuildFile; fileRef = C73A99392C53764900FBDC8A /* Leaderboard.storyboard */; };
		C73A993F2C53A87B00FBDC8A /* PauseView.storyboard in Resources */ = {isa = PBXBuildFile; fileRef = C73A993E2C53A87B00FBDC8A /* PauseView.storyboard */; };
		C73A99412C53A89800FBDC8A /* TenTimesGame.storyboard in Resources */ = {isa = PBXBuildFile; fileRef = C73A99402C53A89800FBDC8A /* TenTimesGame.storyboard */; };
		C761B3FD2C52091400034A03 /* FrontPage.storyboard in Resources */ = {isa = PBXBuildFile; fileRef = C761B3FC2C52091400034A03 /* FrontPage.storyboard */; };
		C761B3FF2C520AE000034A03 /* FrontPageStyle.swift in Sources */ = {isa = PBXBuildFile; fileRef = C761B3FE2C520AE000034A03 /* FrontPageStyle.swift */; };
		C761B4022C520D3F00034A03 /* TimerGame.storyboard in Resources */ = {isa = PBXBuildFile; fileRef = C761B4012C520D3F00034A03 /* TimerGame.storyboard */; };
		C761B4042C520E8200034A03 /* TimerGamePageStyle.swift in Sources */ = {isa = PBXBuildFile; fileRef = C761B4032C520E8200034A03 /* TimerGamePageStyle.swift */; };
		C761B4062C520F0F00034A03 /* GameModel.swift in Sources */ = {isa = PBXBuildFile; fileRef = C761B4052C520F0F00034A03 /* GameModel.swift */; };
		C761B4092C5289BF00034A03 /* StoreLeaderboardModel.swift in Sources */ = {isa = PBXBuildFile; fileRef = C761B4082C5289BF00034A03 /* StoreLeaderboardModel.swift */; };
		C761B40B2C528BB900034A03 /* .gitignore in Resources */ = {isa = PBXBuildFile; fileRef = C761B40A2C528BB900034A03 /* .gitignore */; };
/* End PBXBuildFile section */

/* Begin PBXFileReference section */
		0CF99AD95B6530E91243E1EF /* Pods-little game.release.xcconfig */ = {isa = PBXFileReference; includeInIndex = 1; lastKnownFileType = text.xcconfig; name = "Pods-little game.release.xcconfig"; path = "Target Support Files/Pods-little game/Pods-little game.release.xcconfig"; sourceTree = "<group>"; };
		4D2B3E7B06D043AAEC7BE27B /* Pods_little_game.framework */ = {isa = PBXFileReference; explicitFileType = wrapper.framework; includeInIndex = 0; path = Pods_little_game.framework; sourceTree = BUILT_PRODUCTS_DIR; };
		644C10802672421B009A0289 /* LeaderboardTableViewCell.swift */ = {isa = PBXFileReference; lastKnownFileType = sourcecode.swift; path = LeaderboardTableViewCell.swift; sourceTree = "<group>"; };
		645E0F192670BCCE00FD6703 /* variableNumber.swift */ = {isa = PBXFileReference; lastKnownFileType = sourcecode.swift; path = variableNumber.swift; sourceTree = "<group>"; };
		64631F43266E5EC800C47360 /* TimerGameViewController.swift */ = {isa = PBXFileReference; lastKnownFileType = sourcecode.swift; path = TimerGameViewController.swift; sourceTree = "<group>"; };
		646B1280267B57ED00EDE9AB /* SecondCustomSegue.swift */ = {isa = PBXFileReference; lastKnownFileType = sourcecode.swift; path = SecondCustomSegue.swift; sourceTree = "<group>"; };
		646B1282267B7FE700EDE9AB /* PauseViewController.swift */ = {isa = PBXFileReference; lastKnownFileType = sourcecode.swift; path = PauseViewController.swift; sourceTree = "<group>"; };
		646E5B0E2676136A00202834 /* FirstCustomSegue.swift */ = {isa = PBXFileReference; lastKnownFileType = sourcecode.swift; path = FirstCustomSegue.swift; sourceTree = "<group>"; };
		646E5B10267613A000202834 /* FrontPageViewController.swift */ = {isa = PBXFileReference; lastKnownFileType = sourcecode.swift; path = FrontPageViewController.swift; sourceTree = "<group>"; };
		647B78E82671AD11001394FA /* LeaderboardTableViewController.swift */ = {isa = PBXFileReference; lastKnownFileType = sourcecode.swift; path = LeaderboardTableViewController.swift; sourceTree = "<group>"; };
		64CEFF0E2679A96A00AE7E3F /* TenTimesGameViewController.swift */ = {isa = PBXFileReference; lastKnownFileType = sourcecode.swift; path = TenTimesGameViewController.swift; sourceTree = "<group>"; };
		64CEFF102679C79800AE7E3F /* TenTimesGameTableViewCell.swift */ = {isa = PBXFileReference; lastKnownFileType = sourcecode.swift; path = TenTimesGameTableViewCell.swift; sourceTree = "<group>"; };
		64FF64F926070B3F00098C1B /* little game.app */ = {isa = PBXFileReference; explicitFileType = wrapper.application; includeInIndex = 0; path = "little game.app"; sourceTree = BUILT_PRODUCTS_DIR; };
		64FF64FC26070B3F00098C1B /* AppDelegate.swift */ = {isa = PBXFileReference; lastKnownFileType = sourcecode.swift; path = AppDelegate.swift; sourceTree = "<group>"; };
		64FF64FE26070B3F00098C1B /* SceneDelegate.swift */ = {isa = PBXFileReference; lastKnownFileType = sourcecode.swift; path = SceneDelegate.swift; sourceTree = "<group>"; };
		64FF650326070B3F00098C1B /* Base */ = {isa = PBXFileReference; lastKnownFileType = file.storyboard; name = Base; path = Base.lproj/Main.storyboard; sourceTree = "<group>"; };
		64FF650526070B4100098C1B /* Assets.xcassets */ = {isa = PBXFileReference; lastKnownFileType = folder.assetcatalog; path = Assets.xcassets; sourceTree = "<group>"; };
		64FF650826070B4100098C1B /* Base */ = {isa = PBXFileReference; lastKnownFileType = file.storyboard; name = Base; path = Base.lproj/LaunchScreen.storyboard; sourceTree = "<group>"; };
		64FF650A26070B4100098C1B /* Info.plist */ = {isa = PBXFileReference; lastKnownFileType = text.plist.xml; path = Info.plist; sourceTree = "<group>"; };
		B587D77E2C73501D00DA9F5B /* LeaderboardsResponse.swift */ = {isa = PBXFileReference; lastKnownFileType = sourcecode.swift; path = LeaderboardsResponse.swift; sourceTree = "<group>"; };
		B587D7802C73502E00DA9F5B /* PlayersResponse.swift */ = {isa = PBXFileReference; lastKnownFileType = sourcecode.swift; path = PlayersResponse.swift; sourceTree = "<group>"; };
		B587D7822C73534100DA9F5B /* README.md */ = {isa = PBXFileReference; lastKnownFileType = net.daringfireball.markdown; path = README.md; sourceTree = "<group>"; };
		C73A99372C53743600FBDC8A /* LeaderboardStyle.swift */ = {isa = PBXFileReference; lastKnownFileType = sourcecode.swift; path = LeaderboardStyle.swift; sourceTree = "<group>"; };
		C73A99392C53764900FBDC8A /* Leaderboard.storyboard */ = {isa = PBXFileReference; lastKnownFileType = file.storyboard; path = Leaderboard.storyboard; sourceTree = "<group>"; };
		C73A993E2C53A87B00FBDC8A /* PauseView.storyboard */ = {isa = PBXFileReference; lastKnownFileType = file.storyboard; path = PauseView.storyboard; sourceTree = "<group>"; };
		C73A99402C53A89800FBDC8A /* TenTimesGame.storyboard */ = {isa = PBXFileReference; lastKnownFileType = file.storyboard; path = TenTimesGame.storyboard; sourceTree = "<group>"; };
		C761B3FC2C52091400034A03 /* FrontPage.storyboard */ = {isa = PBXFileReference; lastKnownFileType = file.storyboard; path = FrontPage.storyboard; sourceTree = "<group>"; };
		C761B3FE2C520AE000034A03 /* FrontPageStyle.swift */ = {isa = PBXFileReference; lastKnownFileType = sourcecode.swift; path = FrontPageStyle.swift; sourceTree = "<group>"; };
		C761B4012C520D3F00034A03 /* TimerGame.storyboard */ = {isa = PBXFileReference; lastKnownFileType = file.storyboard; path = TimerGame.storyboard; sourceTree = "<group>"; };
		C761B4032C520E8200034A03 /* TimerGamePageStyle.swift */ = {isa = PBXFileReference; lastKnownFileType = sourcecode.swift; path = TimerGamePageStyle.swift; sourceTree = "<group>"; };
		C761B4052C520F0F00034A03 /* GameModel.swift */ = {isa = PBXFileReference; lastKnownFileType = sourcecode.swift; path = GameModel.swift; sourceTree = "<group>"; };
		C761B4082C5289BF00034A03 /* StoreLeaderboardModel.swift */ = {isa = PBXFileReference; lastKnownFileType = sourcecode.swift; path = StoreLeaderboardModel.swift; sourceTree = "<group>"; };
		C761B40A2C528BB900034A03 /* .gitignore */ = {isa = PBXFileReference; lastKnownFileType = text; path = .gitignore; sourceTree = "<group>"; };
		F5017F2F07BF7BD118267E02 /* Pods-little game.debug.xcconfig */ = {isa = PBXFileReference; includeInIndex = 1; lastKnownFileType = text.xcconfig; name = "Pods-little game.debug.xcconfig"; path = "Target Support Files/Pods-little game/Pods-little game.debug.xcconfig"; sourceTree = "<group>"; };
/* End PBXFileReference section */

/* Begin PBXFrameworksBuildPhase section */
		64FF64F626070B3F00098C1B /* Frameworks */ = {
			isa = PBXFrameworksBuildPhase;
			buildActionMask = 2147483647;
			files = (
				B86BA57A4B611B1B80E6A2C1 /* Pods_little_game.framework in Frameworks */,
			);
			runOnlyForDeploymentPostprocessing = 0;
		};
/* End PBXFrameworksBuildPhase section */

/* Begin PBXGroup section */
		1160CD4A8F75D4BC692A517A /* Pods */ = {
			isa = PBXGroup;
			children = (
				F5017F2F07BF7BD118267E02 /* Pods-little game.debug.xcconfig */,
				0CF99AD95B6530E91243E1EF /* Pods-little game.release.xcconfig */,
			);
			name = Pods;
			path = Pods;
			sourceTree = "<group>";
		};
		64FF64F026070B3F00098C1B = {
			isa = PBXGroup;
			children = (
				B587D7822C73534100DA9F5B /* README.md */,
				C761B40A2C528BB900034A03 /* .gitignore */,
				64FF64FB26070B3F00098C1B /* little game */,
				64FF64FA26070B3F00098C1B /* Products */,
				1160CD4A8F75D4BC692A517A /* Pods */,
				EBA8B427F17D3B40E197600D /* Frameworks */,
			);
			sourceTree = "<group>";
		};
		64FF64FA26070B3F00098C1B /* Products */ = {
			isa = PBXGroup;
			children = (
				64FF64F926070B3F00098C1B /* little game.app */,
			);
			name = Products;
			sourceTree = "<group>";
		};
		64FF64FB26070B3F00098C1B /* little game */ = {
			isa = PBXGroup;
			children = (
				646B1280267B57ED00EDE9AB /* SecondCustomSegue.swift */,
				645E0F192670BCCE00FD6703 /* variableNumber.swift */,
				C761B3FB2C5207E500034A03 /* Front Page */,
				C73A99362C5372B200FBDC8A /* Leaderboard */,
				C761B4072C5289A500034A03 /* Model */,
				C73A993D2C53A7E200FBDC8A /* Pause Page */,
				C761B3FA2C5206E400034A03 /* Supporting File */,
				C73A993B2C53A76300FBDC8A /* Ten Times Game */,
				C761B4002C520C9000034A03 /* Timer Game Page */,
				C73A993C2C53A7C400FBDC8A /* utils */,
			);
			path = "little game";
			sourceTree = "<group>";
		};
		C73A99362C5372B200FBDC8A /* Leaderboard */ = {
			isa = PBXGroup;
			children = (
				C73A99392C53764900FBDC8A /* Leaderboard.storyboard */,
				C73A99372C53743600FBDC8A /* LeaderboardStyle.swift */,
				644C10802672421B009A0289 /* LeaderboardTableViewCell.swift */,
				647B78E82671AD11001394FA /* LeaderboardTableViewController.swift */,
			);
			path = Leaderboard;
			sourceTree = "<group>";
		};
		C73A993B2C53A76300FBDC8A /* Ten Times Game */ = {
			isa = PBXGroup;
			children = (
				C73A99402C53A89800FBDC8A /* TenTimesGame.storyboard */,
				64CEFF102679C79800AE7E3F /* TenTimesGameTableViewCell.swift */,
				64CEFF0E2679A96A00AE7E3F /* TenTimesGameViewController.swift */,
			);
			path = "Ten Times Game";
			sourceTree = "<group>";
		};
		C73A993C2C53A7C400FBDC8A /* utils */ = {
			isa = PBXGroup;
			children = (
				646E5B0E2676136A00202834 /* FirstCustomSegue.swift */,
			);
			path = utils;
			sourceTree = "<group>";
		};
		C73A993D2C53A7E200FBDC8A /* Pause Page */ = {
			isa = PBXGroup;
			children = (
				C73A993E2C53A87B00FBDC8A /* PauseView.storyboard */,
				646B1282267B7FE700EDE9AB /* PauseViewController.swift */,
			);
			path = "Pause Page";
			sourceTree = "<group>";
		};
		C761B3FA2C5206E400034A03 /* Supporting File */ = {
			isa = PBXGroup;
			children = (
				64FF650A26070B4100098C1B /* Info.plist */,
				64FF64FC26070B3F00098C1B /* AppDelegate.swift */,
				64FF64FE26070B3F00098C1B /* SceneDelegate.swift */,
				64FF650526070B4100098C1B /* Assets.xcassets */,
				64FF650726070B4100098C1B /* LaunchScreen.storyboard */,
				64FF650226070B3F00098C1B /* Main.storyboard */,
			);
			path = "Supporting File";
			sourceTree = "<group>";
		};
		C761B3FB2C5207E500034A03 /* Front Page */ = {
			isa = PBXGroup;
			children = (
				C761B3FC2C52091400034A03 /* FrontPage.storyboard */,
				C761B3FE2C520AE000034A03 /* FrontPageStyle.swift */,
				646E5B10267613A000202834 /* FrontPageViewController.swift */,
			);
			path = "Front Page";
			sourceTree = "<group>";
		};
		C761B4002C520C9000034A03 /* Timer Game Page */ = {
			isa = PBXGroup;
			children = (
				C761B4012C520D3F00034A03 /* TimerGame.storyboard */,
				C761B4032C520E8200034A03 /* TimerGamePageStyle.swift */,
				64631F43266E5EC800C47360 /* TimerGameViewController.swift */,
			);
			path = "Timer Game Page";
			sourceTree = "<group>";
		};
		C761B4072C5289A500034A03 /* Model */ = {
			isa = PBXGroup;
			children = (
				C761B4052C520F0F00034A03 /* GameModel.swift */,
				C761B4082C5289BF00034A03 /* StoreLeaderboardModel.swift */,
				B587D77E2C73501D00DA9F5B /* LeaderboardsResponse.swift */,
				B587D7802C73502E00DA9F5B /* PlayersResponse.swift */,
			);
			path = Model;
			sourceTree = "<group>";
		};
		EBA8B427F17D3B40E197600D /* Frameworks */ = {
			isa = PBXGroup;
			children = (
				4D2B3E7B06D043AAEC7BE27B /* Pods_little_game.framework */,
			);
			name = Frameworks;
			sourceTree = "<group>";
		};
/* End PBXGroup section */

/* Begin PBXNativeTarget section */
		64FF64F826070B3F00098C1B /* little game */ = {
			isa = PBXNativeTarget;
			buildConfigurationList = 64FF650D26070B4200098C1B /* Build configuration list for PBXNativeTarget "little game" */;
			buildPhases = (
				0BFF914E6117512EA62E46BC /* [CP] Check Pods Manifest.lock */,
				64FF64F526070B3F00098C1B /* Sources */,
				64FF64F626070B3F00098C1B /* Frameworks */,
				64FF64F726070B3F00098C1B /* Resources */,
				1D6F5FCA9DB534200AE5AFB8 /* [CP] Embed Pods Frameworks */,
			);
			buildRules = (
			);
			dependencies = (
			);
			name = "little game";
			productName = "little game";
			productReference = 64FF64F926070B3F00098C1B /* little game.app */;
			productType = "com.apple.product-type.application";
		};
/* End PBXNativeTarget section */

/* Begin PBXProject section */
		64FF64F126070B3F00098C1B /* Project object */ = {
			isa = PBXProject;
			attributes = {
				LastSwiftUpdateCheck = 1240;
				LastUpgradeCheck = 1240;
				TargetAttributes = {
					64FF64F826070B3F00098C1B = {
						CreatedOnToolsVersion = 12.4;
					};
				};
			};
			buildConfigurationList = 64FF64F426070B3F00098C1B /* Build configuration list for PBXProject "little game" */;
			compatibilityVersion = "Xcode 9.3";
			developmentRegion = en;
			hasScannedForEncodings = 0;
			knownRegions = (
				en,
				Base,
			);
			mainGroup = 64FF64F026070B3F00098C1B;
			productRefGroup = 64FF64FA26070B3F00098C1B /* Products */;
			projectDirPath = "";
			projectRoot = "";
			targets = (
				64FF64F826070B3F00098C1B /* little game */,
			);
		};
/* End PBXProject section */

/* Begin PBXResourcesBuildPhase section */
		64FF64F726070B3F00098C1B /* Resources */ = {
			isa = PBXResourcesBuildPhase;
			buildActionMask = 2147483647;
			files = (
				64FF650926070B4100098C1B /* LaunchScreen.storyboard in Resources */,
				C761B3FD2C52091400034A03 /* FrontPage.storyboard in Resources */,
				C73A993A2C53764900FBDC8A /* Leaderboard.storyboard in Resources */,
				C761B4022C520D3F00034A03 /* TimerGame.storyboard in Resources */,
				C73A993F2C53A87B00FBDC8A /* PauseView.storyboard in Resources */,
				64FF650626070B4100098C1B /* Assets.xcassets in Resources */,
				C761B40B2C528BB900034A03 /* .gitignore in Resources */,
				C73A99412C53A89800FBDC8A /* TenTimesGame.storyboard in Resources */,
				64FF650426070B3F00098C1B /* Main.storyboard in Resources */,
			);
			runOnlyForDeploymentPostprocessing = 0;
		};
/* End PBXResourcesBuildPhase section */

/* Begin PBXShellScriptBuildPhase section */
		0BFF914E6117512EA62E46BC /* [CP] Check Pods Manifest.lock */ = {
			isa = PBXShellScriptBuildPhase;
			buildActionMask = 2147483647;
			files = (
			);
			inputFileListPaths = (
			);
			inputPaths = (
				"${PODS_PODFILE_DIR_PATH}/Podfile.lock",
				"${PODS_ROOT}/Manifest.lock",
			);
			name = "[CP] Check Pods Manifest.lock";
			outputFileListPaths = (
			);
			outputPaths = (
				"$(DERIVED_FILE_DIR)/Pods-little game-checkManifestLockResult.txt",
			);
			runOnlyForDeploymentPostprocessing = 0;
			shellPath = /bin/sh;
			shellScript = "diff \"${PODS_PODFILE_DIR_PATH}/Podfile.lock\" \"${PODS_ROOT}/Manifest.lock\" > /dev/null\nif [ $? != 0 ] ; then\n    # print error to STDERR\n    echo \"error: The sandbox is not in sync with the Podfile.lock. Run 'pod install' or update your CocoaPods installation.\" >&2\n    exit 1\nfi\n# This output is used by Xcode 'outputs' to avoid re-running this script phase.\necho \"SUCCESS\" > \"${SCRIPT_OUTPUT_FILE_0}\"\n";
			showEnvVarsInLog = 0;
		};
		1D6F5FCA9DB534200AE5AFB8 /* [CP] Embed Pods Frameworks */ = {
			isa = PBXShellScriptBuildPhase;
			buildActionMask = 2147483647;
			files = (
			);
			inputFileListPaths = (
				"${PODS_ROOT}/Target Support Files/Pods-little game/Pods-little game-frameworks-${CONFIGURATION}-input-files.xcfilelist",
			);
			name = "[CP] Embed Pods Frameworks";
			outputFileListPaths = (
				"${PODS_ROOT}/Target Support Files/Pods-little game/Pods-little game-frameworks-${CONFIGURATION}-output-files.xcfilelist",
			);
			runOnlyForDeploymentPostprocessing = 0;
			shellPath = /bin/sh;
			shellScript = "\"${PODS_ROOT}/Target Support Files/Pods-little game/Pods-little game-frameworks.sh\"\n";
			showEnvVarsInLog = 0;
		};
/* End PBXShellScriptBuildPhase section */

/* Begin PBXSourcesBuildPhase section */
		64FF64F526070B3F00098C1B /* Sources */ = {
			isa = PBXSourcesBuildPhase;
			buildActionMask = 2147483647;
			files = (
				64FF64FD26070B3F00098C1B /* AppDelegate.swift in Sources */,
				646B1281267B57ED00EDE9AB /* SecondCustomSegue.swift in Sources */,
				644C10812672421B009A0289 /* LeaderboardTableViewCell.swift in Sources */,
				C73A99382C53743600FBDC8A /* LeaderboardStyle.swift in Sources */,
				646E5B0F2676136A00202834 /* FirstCustomSegue.swift in Sources */,
				C761B3FF2C520AE000034A03 /* FrontPageStyle.swift in Sources */,
				64631F44266E5EC800C47360 /* TimerGameViewController.swift in Sources */,
				646B1283267B7FE700EDE9AB /* PauseViewController.swift in Sources */,
				B587D77F2C73501D00DA9F5B /* LeaderboardsResponse.swift in Sources */,
				C761B4062C520F0F00034A03 /* GameModel.swift in Sources */,
				646E5B11267613A000202834 /* FrontPageViewController.swift in Sources */,
				B587D7812C73502E00DA9F5B /* PlayersResponse.swift in Sources */,
				C761B4092C5289BF00034A03 /* StoreLeaderboardModel.swift in Sources */,
				64CEFF0F2679A96A00AE7E3F /* TenTimesGameViewController.swift in Sources */,
				645E0F1A2670BCCE00FD6703 /* variableNumber.swift in Sources */,
				64CEFF112679C79800AE7E3F /* TenTimesGameTableViewCell.swift in Sources */,
				C761B4042C520E8200034A03 /* TimerGamePageStyle.swift in Sources */,
				64FF64FF26070B3F00098C1B /* SceneDelegate.swift in Sources */,
				647B78E92671AD11001394FA /* LeaderboardTableViewController.swift in Sources */,
			);
			runOnlyForDeploymentPostprocessing = 0;
		};
/* End PBXSourcesBuildPhase section */

/* Begin PBXVariantGroup section */
		64FF650226070B3F00098C1B /* Main.storyboard */ = {
			isa = PBXVariantGroup;
			children = (
				64FF650326070B3F00098C1B /* Base */,
			);
			name = Main.storyboard;
			sourceTree = "<group>";
		};
		64FF650726070B4100098C1B /* LaunchScreen.storyboard */ = {
			isa = PBXVariantGroup;
			children = (
				64FF650826070B4100098C1B /* Base */,
			);
			name = LaunchScreen.storyboard;
			sourceTree = "<group>";
		};
/* End PBXVariantGroup section */

/* Begin XCBuildConfiguration section */
		64FF650B26070B4100098C1B /* Debug */ = {
			isa = XCBuildConfiguration;
			buildSettings = {
				ALWAYS_SEARCH_USER_PATHS = NO;
				CLANG_ANALYZER_NONNULL = YES;
				CLANG_ANALYZER_NUMBER_OBJECT_CONVERSION = YES_AGGRESSIVE;
				CLANG_CXX_LANGUAGE_STANDARD = "gnu++14";
				CLANG_CXX_LIBRARY = "libc++";
				CLANG_ENABLE_MODULES = YES;
				CLANG_ENABLE_OBJC_ARC = YES;
				CLANG_ENABLE_OBJC_WEAK = YES;
				CLANG_WARN_BLOCK_CAPTURE_AUTORELEASING = YES;
				CLANG_WARN_BOOL_CONVERSION = YES;
				CLANG_WARN_COMMA = YES;
				CLANG_WARN_CONSTANT_CONVERSION = YES;
				CLANG_WARN_DEPRECATED_OBJC_IMPLEMENTATIONS = YES;
				CLANG_WARN_DIRECT_OBJC_ISA_USAGE = YES_ERROR;
				CLANG_WARN_DOCUMENTATION_COMMENTS = YES;
				CLANG_WARN_EMPTY_BODY = YES;
				CLANG_WARN_ENUM_CONVERSION = YES;
				CLANG_WARN_INFINITE_RECURSION = YES;
				CLANG_WARN_INT_CONVERSION = YES;
				CLANG_WARN_NON_LITERAL_NULL_CONVERSION = YES;
				CLANG_WARN_OBJC_IMPLICIT_RETAIN_SELF = YES;
				CLANG_WARN_OBJC_LITERAL_CONVERSION = YES;
				CLANG_WARN_OBJC_ROOT_CLASS = YES_ERROR;
				CLANG_WARN_QUOTED_INCLUDE_IN_FRAMEWORK_HEADER = YES;
				CLANG_WARN_RANGE_LOOP_ANALYSIS = YES;
				CLANG_WARN_STRICT_PROTOTYPES = YES;
				CLANG_WARN_SUSPICIOUS_MOVE = YES;
				CLANG_WARN_UNGUARDED_AVAILABILITY = YES_AGGRESSIVE;
				CLANG_WARN_UNREACHABLE_CODE = YES;
				CLANG_WARN__DUPLICATE_METHOD_MATCH = YES;
				COPY_PHASE_STRIP = NO;
				DEBUG_INFORMATION_FORMAT = dwarf;
				ENABLE_STRICT_OBJC_MSGSEND = YES;
				ENABLE_TESTABILITY = YES;
				GCC_C_LANGUAGE_STANDARD = gnu11;
				GCC_DYNAMIC_NO_PIC = NO;
				GCC_NO_COMMON_BLOCKS = YES;
				GCC_OPTIMIZATION_LEVEL = 0;
				GCC_PREPROCESSOR_DEFINITIONS = (
					"DEBUG=1",
					"$(inherited)",
				);
				GCC_WARN_64_TO_32_BIT_CONVERSION = YES;
				GCC_WARN_ABOUT_RETURN_TYPE = YES_ERROR;
				GCC_WARN_UNDECLARED_SELECTOR = YES;
				GCC_WARN_UNINITIALIZED_AUTOS = YES_AGGRESSIVE;
				GCC_WARN_UNUSED_FUNCTION = YES;
				GCC_WARN_UNUSED_VARIABLE = YES;
				IPHONEOS_DEPLOYMENT_TARGET = 14.4;
				MTL_ENABLE_DEBUG_INFO = INCLUDE_SOURCE;
				MTL_FAST_MATH = YES;
				ONLY_ACTIVE_ARCH = YES;
				SDKROOT = iphoneos;
				SWIFT_ACTIVE_COMPILATION_CONDITIONS = DEBUG;
				SWIFT_OPTIMIZATION_LEVEL = "-Onone";
			};
			name = Debug;
		};
		64FF650C26070B4100098C1B /* Release */ = {
			isa = XCBuildConfiguration;
			buildSettings = {
				ALWAYS_SEARCH_USER_PATHS = NO;
				CLANG_ANALYZER_NONNULL = YES;
				CLANG_ANALYZER_NUMBER_OBJECT_CONVERSION = YES_AGGRESSIVE;
				CLANG_CXX_LANGUAGE_STANDARD = "gnu++14";
				CLANG_CXX_LIBRARY = "libc++";
				CLANG_ENABLE_MODULES = YES;
				CLANG_ENABLE_OBJC_ARC = YES;
				CLANG_ENABLE_OBJC_WEAK = YES;
				CLANG_WARN_BLOCK_CAPTURE_AUTORELEASING = YES;
				CLANG_WARN_BOOL_CONVERSION = YES;
				CLANG_WARN_COMMA = YES;
				CLANG_WARN_CONSTANT_CONVERSION = YES;
				CLANG_WARN_DEPRECATED_OBJC_IMPLEMENTATIONS = YES;
				CLANG_WARN_DIRECT_OBJC_ISA_USAGE = YES_ERROR;
				CLANG_WARN_DOCUMENTATION_COMMENTS = YES;
				CLANG_WARN_EMPTY_BODY = YES;
				CLANG_WARN_ENUM_CONVERSION = YES;
				CLANG_WARN_INFINITE_RECURSION = YES;
				CLANG_WARN_INT_CONVERSION = YES;
				CLANG_WARN_NON_LITERAL_NULL_CONVERSION = YES;
				CLANG_WARN_OBJC_IMPLICIT_RETAIN_SELF = YES;
				CLANG_WARN_OBJC_LITERAL_CONVERSION = YES;
				CLANG_WARN_OBJC_ROOT_CLASS = YES_ERROR;
				CLANG_WARN_QUOTED_INCLUDE_IN_FRAMEWORK_HEADER = YES;
				CLANG_WARN_RANGE_LOOP_ANALYSIS = YES;
				CLANG_WARN_STRICT_PROTOTYPES = YES;
				CLANG_WARN_SUSPICIOUS_MOVE = YES;
				CLANG_WARN_UNGUARDED_AVAILABILITY = YES_AGGRESSIVE;
				CLANG_WARN_UNREACHABLE_CODE = YES;
				CLANG_WARN__DUPLICATE_METHOD_MATCH = YES;
				COPY_PHASE_STRIP = NO;
				DEBUG_INFORMATION_FORMAT = "dwarf-with-dsym";
				ENABLE_NS_ASSERTIONS = NO;
				ENABLE_STRICT_OBJC_MSGSEND = YES;
				GCC_C_LANGUAGE_STANDARD = gnu11;
				GCC_NO_COMMON_BLOCKS = YES;
				GCC_WARN_64_TO_32_BIT_CONVERSION = YES;
				GCC_WARN_ABOUT_RETURN_TYPE = YES_ERROR;
				GCC_WARN_UNDECLARED_SELECTOR = YES;
				GCC_WARN_UNINITIALIZED_AUTOS = YES_AGGRESSIVE;
				GCC_WARN_UNUSED_FUNCTION = YES;
				GCC_WARN_UNUSED_VARIABLE = YES;
				IPHONEOS_DEPLOYMENT_TARGET = 14.4;
				MTL_ENABLE_DEBUG_INFO = NO;
				MTL_FAST_MATH = YES;
				SDKROOT = iphoneos;
				SWIFT_COMPILATION_MODE = wholemodule;
				SWIFT_OPTIMIZATION_LEVEL = "-O";
				VALIDATE_PRODUCT = YES;
			};
			name = Release;
		};
		64FF650E26070B4200098C1B /* Debug */ = {
			isa = XCBuildConfiguration;
			baseConfigurationReference = F5017F2F07BF7BD118267E02 /* Pods-little game.debug.xcconfig */;
			buildSettings = {
				ASSETCATALOG_COMPILER_APPICON_NAME = AppIcon;
				ASSETCATALOG_COMPILER_GLOBAL_ACCENT_COLOR_NAME = AccentColor;
				CODE_SIGN_STYLE = Automatic;
				CURRENT_PROJECT_VERSION = 1;
				DEVELOPMENT_TEAM = 4752TZW2QV;
				INFOPLIST_FILE = "little game/Supporting File/Info.plist";
				IPHONEOS_DEPLOYMENT_TARGET = 13.0;
				LD_RUNPATH_SEARCH_PATHS = (
					"$(inherited)",
					"@executable_path/Frameworks",
				);
				MARKETING_VERSION = 1.1;
				PRODUCT_BUNDLE_IDENTIFIER = com.stephen1.littleGame;
				PRODUCT_NAME = "$(TARGET_NAME)";
				SWIFT_VERSION = 5.0;
				TARGETED_DEVICE_FAMILY = "1,2";
			};
			name = Debug;
		};
		64FF650F26070B4200098C1B /* Release */ = {
			isa = XCBuildConfiguration;
			baseConfigurationReference = 0CF99AD95B6530E91243E1EF /* Pods-little game.release.xcconfig */;
			buildSettings = {
				ASSETCATALOG_COMPILER_APPICON_NAME = AppIcon;
				ASSETCATALOG_COMPILER_GLOBAL_ACCENT_COLOR_NAME = AccentColor;
				CODE_SIGN_STYLE = Automatic;
				CURRENT_PROJECT_VERSION = 1;
				DEVELOPMENT_TEAM = 4752TZW2QV;
				INFOPLIST_FILE = "little game/Supporting File/Info.plist";
				IPHONEOS_DEPLOYMENT_TARGET = 13.0;
				LD_RUNPATH_SEARCH_PATHS = (
					"$(inherited)",
					"@executable_path/Frameworks",
				);
				MARKETING_VERSION = 1.1;
				PRODUCT_BUNDLE_IDENTIFIER = com.stephen1.littleGame;
				PRODUCT_NAME = "$(TARGET_NAME)";
				SWIFT_VERSION = 5.0;
				TARGETED_DEVICE_FAMILY = "1,2";
			};
			name = Release;
		};
/* End XCBuildConfiguration section */

/* Begin XCConfigurationList section */
		64FF64F426070B3F00098C1B /* Build configuration list for PBXProject "little game" */ = {
			isa = XCConfigurationList;
			buildConfigurations = (
				64FF650B26070B4100098C1B /* Debug */,
				64FF650C26070B4100098C1B /* Release */,
			);
			defaultConfigurationIsVisible = 0;
			defaultConfigurationName = Release;
		};
		64FF650D26070B4200098C1B /* Build configuration list for PBXNativeTarget "little game" */ = {
			isa = XCConfigurationList;
			buildConfigurations = (
				64FF650E26070B4200098C1B /* Debug */,
				64FF650F26070B4200098C1B /* Release */,
			);
			defaultConfigurationIsVisible = 0;
			defaultConfigurationName = Release;
		};
/* End XCConfigurationList section */
	};
	rootObject = 64FF64F126070B3F00098C1B /* Project object */;
}
